// !$*UTF8*$!
{
	archiveVersion = 1;
	classes = {
	};
	objectVersion = 56;
	objects = {

/* Begin PBXBuildFile section */
		D6531FEB28F48A66001D24A5 /* AppDelegate.swift in Sources */ = {isa = PBXBuildFile; fileRef = D6531FEA28F48A66001D24A5 /* AppDelegate.swift */; };
		D6531FED28F48A66001D24A5 /* SceneDelegate.swift in Sources */ = {isa = PBXBuildFile; fileRef = D6531FEC28F48A66001D24A5 /* SceneDelegate.swift */; };
		D6531FEF28F48A66001D24A5 /* ManagerViewController.swift in Sources */ = {isa = PBXBuildFile; fileRef = D6531FEE28F48A66001D24A5 /* ManagerViewController.swift */; };
		D6531FF728F48A68001D24A5 /* Assets.xcassets in Resources */ = {isa = PBXBuildFile; fileRef = D6531FF628F48A68001D24A5 /* Assets.xcassets */; };
		D6531FFA28F48A68001D24A5 /* LaunchScreen.storyboard in Resources */ = {isa = PBXBuildFile; fileRef = D6531FF828F48A68001D24A5 /* LaunchScreen.storyboard */; };
		D653200528F48A68001D24A5 /* syrupTests.swift in Sources */ = {isa = PBXBuildFile; fileRef = D653200428F48A68001D24A5 /* syrupTests.swift */; };
		D653200F28F48A68001D24A5 /* syrupUITests.swift in Sources */ = {isa = PBXBuildFile; fileRef = D653200E28F48A68001D24A5 /* syrupUITests.swift */; };
		D653201128F48A68001D24A5 /* syrupUITestsLaunchTests.swift in Sources */ = {isa = PBXBuildFile; fileRef = D653201028F48A68001D24A5 /* syrupUITestsLaunchTests.swift */; };
		D692668728F9858F00191E0C /* BasketsViewController.swift in Sources */ = {isa = PBXBuildFile; fileRef = D692668628F9858F00191E0C /* BasketsViewController.swift */; };
		D692668928F98CBD00191E0C /* ViewCoding.swift in Sources */ = {isa = PBXBuildFile; fileRef = D692668828F98CBD00191E0C /* ViewCoding.swift */; };
		D692668E28F99C7400191E0C /* UIScrollView.swift in Sources */ = {isa = PBXBuildFile; fileRef = D692668D28F99C7400191E0C /* UIScrollView.swift */; };
		D692669028F99E3E00191E0C /* CasksViewController.swift in Sources */ = {isa = PBXBuildFile; fileRef = D692668F28F99E3E00191E0C /* CasksViewController.swift */; };
		D692669228F9A21900191E0C /* SyrupsViewController.swift in Sources */ = {isa = PBXBuildFile; fileRef = D692669128F9A21900191E0C /* SyrupsViewController.swift */; };
		D692669D28F9DC2B00191E0C /* TaskModel.swift in Sources */ = {isa = PBXBuildFile; fileRef = D692669C28F9DC2B00191E0C /* TaskModel.swift */; };
		D69266A028FA27FB00191E0C /* mockupResponse.json in Resources */ = {isa = PBXBuildFile; fileRef = D692669F28FA27FB00191E0C /* mockupResponse.json */; };
		D69266A328FA2A4F00191E0C /* APICall.swift in Sources */ = {isa = PBXBuildFile; fileRef = D69266A228FA2A4F00191E0C /* APICall.swift */; };
		D69266A528FA346B00191E0C /* UIView.swift in Sources */ = {isa = PBXBuildFile; fileRef = D69266A428FA346B00191E0C /* UIView.swift */; };
		D69266A728FA390F00191E0C /* comHeader.swift in Sources */ = {isa = PBXBuildFile; fileRef = D69266A628FA390F00191E0C /* comHeader.swift */; };
		D69266A928FA3F2900191E0C /* comStack.swift in Sources */ = {isa = PBXBuildFile; fileRef = D69266A828FA3F2900191E0C /* comStack.swift */; };
		D69266B128FD8C5600191E0C /* mockupBaskets.swift in Sources */ = {isa = PBXBuildFile; fileRef = D69266B028FD8C5600191E0C /* mockupBaskets.swift */; };
		D69266B528FF38EA00191E0C /* comCollectionCell.swift in Sources */ = {isa = PBXBuildFile; fileRef = D69266B428FF38EA00191E0C /* comCollectionCell.swift */; };
		D69266B728FF8F7400191E0C /* BasketViewModel.swift in Sources */ = {isa = PBXBuildFile; fileRef = D69266B628FF8F7400191E0C /* BasketViewModel.swift */; };
/* End PBXBuildFile section */

/* Begin PBXContainerItemProxy section */
		D653200128F48A68001D24A5 /* PBXContainerItemProxy */ = {
			isa = PBXContainerItemProxy;
			containerPortal = D6531FDF28F48A66001D24A5 /* Project object */;
			proxyType = 1;
			remoteGlobalIDString = D6531FE628F48A66001D24A5;
			remoteInfo = syrup;
		};
		D653200B28F48A68001D24A5 /* PBXContainerItemProxy */ = {
			isa = PBXContainerItemProxy;
			containerPortal = D6531FDF28F48A66001D24A5 /* Project object */;
			proxyType = 1;
			remoteGlobalIDString = D6531FE628F48A66001D24A5;
			remoteInfo = syrup;
		};
/* End PBXContainerItemProxy section */

/* Begin PBXFileReference section */
		D6531FE728F48A66001D24A5 /* syrup.app */ = {isa = PBXFileReference; explicitFileType = wrapper.application; includeInIndex = 0; path = syrup.app; sourceTree = BUILT_PRODUCTS_DIR; };
		D6531FEA28F48A66001D24A5 /* AppDelegate.swift */ = {isa = PBXFileReference; lastKnownFileType = sourcecode.swift; path = AppDelegate.swift; sourceTree = "<group>"; };
		D6531FEC28F48A66001D24A5 /* SceneDelegate.swift */ = {isa = PBXFileReference; lastKnownFileType = sourcecode.swift; path = SceneDelegate.swift; sourceTree = "<group>"; };
		D6531FEE28F48A66001D24A5 /* ManagerViewController.swift */ = {isa = PBXFileReference; lastKnownFileType = sourcecode.swift; path = ManagerViewController.swift; sourceTree = "<group>"; };
		D6531FF628F48A68001D24A5 /* Assets.xcassets */ = {isa = PBXFileReference; lastKnownFileType = folder.assetcatalog; path = Assets.xcassets; sourceTree = "<group>"; };
		D6531FF928F48A68001D24A5 /* Base */ = {isa = PBXFileReference; lastKnownFileType = file.storyboard; name = Base; path = Base.lproj/LaunchScreen.storyboard; sourceTree = "<group>"; };
		D6531FFB28F48A68001D24A5 /* Info.plist */ = {isa = PBXFileReference; lastKnownFileType = text.plist.xml; path = Info.plist; sourceTree = "<group>"; };
		D653200028F48A68001D24A5 /* syrupTests.xctest */ = {isa = PBXFileReference; explicitFileType = wrapper.cfbundle; includeInIndex = 0; path = syrupTests.xctest; sourceTree = BUILT_PRODUCTS_DIR; };
		D653200428F48A68001D24A5 /* syrupTests.swift */ = {isa = PBXFileReference; lastKnownFileType = sourcecode.swift; path = syrupTests.swift; sourceTree = "<group>"; };
		D653200A28F48A68001D24A5 /* syrupUITests.xctest */ = {isa = PBXFileReference; explicitFileType = wrapper.cfbundle; includeInIndex = 0; path = syrupUITests.xctest; sourceTree = BUILT_PRODUCTS_DIR; };
		D653200E28F48A68001D24A5 /* syrupUITests.swift */ = {isa = PBXFileReference; lastKnownFileType = sourcecode.swift; path = syrupUITests.swift; sourceTree = "<group>"; };
		D653201028F48A68001D24A5 /* syrupUITestsLaunchTests.swift */ = {isa = PBXFileReference; lastKnownFileType = sourcecode.swift; path = syrupUITestsLaunchTests.swift; sourceTree = "<group>"; };
		D692668628F9858F00191E0C /* BasketsViewController.swift */ = {isa = PBXFileReference; lastKnownFileType = sourcecode.swift; path = BasketsViewController.swift; sourceTree = "<group>"; };
		D692668828F98CBD00191E0C /* ViewCoding.swift */ = {isa = PBXFileReference; lastKnownFileType = sourcecode.swift; path = ViewCoding.swift; sourceTree = "<group>"; };
		D692668D28F99C7400191E0C /* UIScrollView.swift */ = {isa = PBXFileReference; lastKnownFileType = sourcecode.swift; path = UIScrollView.swift; sourceTree = "<group>"; };
		D692668F28F99E3E00191E0C /* CasksViewController.swift */ = {isa = PBXFileReference; lastKnownFileType = sourcecode.swift; path = CasksViewController.swift; sourceTree = "<group>"; };
		D692669128F9A21900191E0C /* SyrupsViewController.swift */ = {isa = PBXFileReference; lastKnownFileType = sourcecode.swift; path = SyrupsViewController.swift; sourceTree = "<group>"; };
		D692669C28F9DC2B00191E0C /* TaskModel.swift */ = {isa = PBXFileReference; lastKnownFileType = sourcecode.swift; path = TaskModel.swift; sourceTree = "<group>"; };
		D692669F28FA27FB00191E0C /* mockupResponse.json */ = {isa = PBXFileReference; lastKnownFileType = text.json; path = mockupResponse.json; sourceTree = "<group>"; };
		D69266A228FA2A4F00191E0C /* APICall.swift */ = {isa = PBXFileReference; lastKnownFileType = sourcecode.swift; path = APICall.swift; sourceTree = "<group>"; };
		D69266A428FA346B00191E0C /* UIView.swift */ = {isa = PBXFileReference; lastKnownFileType = sourcecode.swift; path = UIView.swift; sourceTree = "<group>"; };
		D69266A628FA390F00191E0C /* comHeader.swift */ = {isa = PBXFileReference; lastKnownFileType = sourcecode.swift; path = comHeader.swift; sourceTree = "<group>"; };
		D69266A828FA3F2900191E0C /* comStack.swift */ = {isa = PBXFileReference; lastKnownFileType = sourcecode.swift; path = comStack.swift; sourceTree = "<group>"; };
		D69266B028FD8C5600191E0C /* mockupBaskets.swift */ = {isa = PBXFileReference; lastKnownFileType = sourcecode.swift; path = mockupBaskets.swift; sourceTree = "<group>"; };
		D69266B428FF38EA00191E0C /* comCollectionCell.swift */ = {isa = PBXFileReference; lastKnownFileType = sourcecode.swift; path = comCollectionCell.swift; sourceTree = "<group>"; };
		D69266B628FF8F7400191E0C /* BasketViewModel.swift */ = {isa = PBXFileReference; lastKnownFileType = sourcecode.swift; path = BasketViewModel.swift; sourceTree = "<group>"; };
/* End PBXFileReference section */

/* Begin PBXFrameworksBuildPhase section */
		D6531FE428F48A66001D24A5 /* Frameworks */ = {
			isa = PBXFrameworksBuildPhase;
			buildActionMask = 2147483647;
			files = (
			);
			runOnlyForDeploymentPostprocessing = 0;
		};
		D6531FFD28F48A68001D24A5 /* Frameworks */ = {
			isa = PBXFrameworksBuildPhase;
			buildActionMask = 2147483647;
			files = (
			);
			runOnlyForDeploymentPostprocessing = 0;
		};
		D653200728F48A68001D24A5 /* Frameworks */ = {
			isa = PBXFrameworksBuildPhase;
			buildActionMask = 2147483647;
			files = (
			);
			runOnlyForDeploymentPostprocessing = 0;
		};
/* End PBXFrameworksBuildPhase section */

/* Begin PBXGroup section */
		D6531FDE28F48A66001D24A5 = {
			isa = PBXGroup;
			children = (
				D6531FE928F48A66001D24A5 /* syrup */,
				D653200328F48A68001D24A5 /* syrupTests */,
				D653200D28F48A68001D24A5 /* syrupUITests */,
				D6531FE828F48A66001D24A5 /* Products */,
			);
			sourceTree = "<group>";
		};
		D6531FE828F48A66001D24A5 /* Products */ = {
			isa = PBXGroup;
			children = (
				D6531FE728F48A66001D24A5 /* syrup.app */,
				D653200028F48A68001D24A5 /* syrupTests.xctest */,
				D653200A28F48A68001D24A5 /* syrupUITests.xctest */,
			);
			name = Products;
			sourceTree = "<group>";
		};
		D6531FE928F48A66001D24A5 /* syrup */ = {
			isa = PBXGroup;
			children = (
				D692667628F48FE100191E0C /* Application */,
				D653201D28F48CA0001D24A5 /* Source Code */,
				D6531FFB28F48A68001D24A5 /* Info.plist */,
			);
			path = syrup;
			sourceTree = "<group>";
		};
		D653200328F48A68001D24A5 /* syrupTests */ = {
			isa = PBXGroup;
			children = (
				D653200428F48A68001D24A5 /* syrupTests.swift */,
			);
			path = syrupTests;
			sourceTree = "<group>";
		};
		D653200D28F48A68001D24A5 /* syrupUITests */ = {
			isa = PBXGroup;
			children = (
				D653200E28F48A68001D24A5 /* syrupUITests.swift */,
				D653201028F48A68001D24A5 /* syrupUITestsLaunchTests.swift */,
			);
			path = syrupUITests;
			sourceTree = "<group>";
		};
		D653201D28F48CA0001D24A5 /* Source Code */ = {
			isa = PBXGroup;
			children = (
				D692669E28FA27DE00191E0C /* Mockups */,
				D692669A28F9DC0D00191E0C /* Models */,
				D69266A128FA2A3800191E0C /* Service */,
				D692669328F9D65000191E0C /* Components */,
				D692668C28F99C4B00191E0C /* Extension */,
				D653201E28F48CB1001D24A5 /* Protocols */,
				D692667728F48FF700191E0C /* ManagerView */,
				D692668328F9848500191E0C /* BasketsView */,
				D692668428F9848F00191E0C /* CasksView */,
				D692668528F984A300191E0C /* SyrupsView */,
			);
			path = "Source Code";
			sourceTree = "<group>";
		};
		D653201E28F48CB1001D24A5 /* Protocols */ = {
			isa = PBXGroup;
			children = (
				D692668828F98CBD00191E0C /* ViewCoding.swift */,
			);
			path = Protocols;
			sourceTree = "<group>";
		};
		D692667628F48FE100191E0C /* Application */ = {
			isa = PBXGroup;
			children = (
				D6531FEA28F48A66001D24A5 /* AppDelegate.swift */,
				D6531FEC28F48A66001D24A5 /* SceneDelegate.swift */,
				D6531FF628F48A68001D24A5 /* Assets.xcassets */,
				D6531FF828F48A68001D24A5 /* LaunchScreen.storyboard */,
			);
			path = Application;
			sourceTree = "<group>";
		};
		D692667728F48FF700191E0C /* ManagerView */ = {
			isa = PBXGroup;
			children = (
				D6531FEE28F48A66001D24A5 /* ManagerViewController.swift */,
			);
			path = ManagerView;
			sourceTree = "<group>";
		};
		D692668328F9848500191E0C /* BasketsView */ = {
			isa = PBXGroup;
			children = (
				D692668628F9858F00191E0C /* BasketsViewController.swift */,
				D69266B628FF8F7400191E0C /* BasketViewModel.swift */,
			);
			path = BasketsView;
			sourceTree = "<group>";
		};
		D692668428F9848F00191E0C /* CasksView */ = {
			isa = PBXGroup;
			children = (
				D692668F28F99E3E00191E0C /* CasksViewController.swift */,
			);
			path = CasksView;
			sourceTree = "<group>";
		};
		D692668528F984A300191E0C /* SyrupsView */ = {
			isa = PBXGroup;
			children = (
				D692669128F9A21900191E0C /* SyrupsViewController.swift */,
			);
			path = SyrupsView;
			sourceTree = "<group>";
		};
		D692668C28F99C4B00191E0C /* Extension */ = {
			isa = PBXGroup;
			children = (
				D692668D28F99C7400191E0C /* UIScrollView.swift */,
				D69266A428FA346B00191E0C /* UIView.swift */,
			);
			path = Extension;
			sourceTree = "<group>";
		};
		D692669328F9D65000191E0C /* Components */ = {
			isa = PBXGroup;
			children = (
				D69266A628FA390F00191E0C /* comHeader.swift */,
				D69266A828FA3F2900191E0C /* comStack.swift */,
				D69266B428FF38EA00191E0C /* comCollectionCell.swift */,
			);
			path = Components;
			sourceTree = "<group>";
		};
		D692669A28F9DC0D00191E0C /* Models */ = {
			isa = PBXGroup;
			children = (
				D692669C28F9DC2B00191E0C /* TaskModel.swift */,
			);
			path = Models;
			sourceTree = "<group>";
		};
		D692669E28FA27DE00191E0C /* Mockups */ = {
			isa = PBXGroup;
			children = (
				D692669F28FA27FB00191E0C /* mockupResponse.json */,
				D69266B028FD8C5600191E0C /* mockupBaskets.swift */,
			);
			path = Mockups;
			sourceTree = "<group>";
		};
		D69266A128FA2A3800191E0C /* Service */ = {
			isa = PBXGroup;
			children = (
				D69266A228FA2A4F00191E0C /* APICall.swift */,
			);
			path = Service;
			sourceTree = "<group>";
		};
/* End PBXGroup section */

/* Begin PBXNativeTarget section */
		D6531FE628F48A66001D24A5 /* syrup */ = {
			isa = PBXNativeTarget;
			buildConfigurationList = D653201428F48A68001D24A5 /* Build configuration list for PBXNativeTarget "syrup" */;
			buildPhases = (
				D6531FE328F48A66001D24A5 /* Sources */,
				D6531FE428F48A66001D24A5 /* Frameworks */,
				D6531FE528F48A66001D24A5 /* Resources */,
			);
			buildRules = (
			);
			dependencies = (
			);
			name = syrup;
			productName = syrup;
			productReference = D6531FE728F48A66001D24A5 /* syrup.app */;
			productType = "com.apple.product-type.application";
		};
		D6531FFF28F48A68001D24A5 /* syrupTests */ = {
			isa = PBXNativeTarget;
			buildConfigurationList = D653201728F48A68001D24A5 /* Build configuration list for PBXNativeTarget "syrupTests" */;
			buildPhases = (
				D6531FFC28F48A68001D24A5 /* Sources */,
				D6531FFD28F48A68001D24A5 /* Frameworks */,
				D6531FFE28F48A68001D24A5 /* Resources */,
			);
			buildRules = (
			);
			dependencies = (
				D653200228F48A68001D24A5 /* PBXTargetDependency */,
			);
			name = syrupTests;
			productName = syrupTests;
			productReference = D653200028F48A68001D24A5 /* syrupTests.xctest */;
			productType = "com.apple.product-type.bundle.unit-test";
		};
		D653200928F48A68001D24A5 /* syrupUITests */ = {
			isa = PBXNativeTarget;
			buildConfigurationList = D653201A28F48A68001D24A5 /* Build configuration list for PBXNativeTarget "syrupUITests" */;
			buildPhases = (
				D653200628F48A68001D24A5 /* Sources */,
				D653200728F48A68001D24A5 /* Frameworks */,
				D653200828F48A68001D24A5 /* Resources */,
			);
			buildRules = (
			);
			dependencies = (
				D653200C28F48A68001D24A5 /* PBXTargetDependency */,
			);
			name = syrupUITests;
			productName = syrupUITests;
			productReference = D653200A28F48A68001D24A5 /* syrupUITests.xctest */;
			productType = "com.apple.product-type.bundle.ui-testing";
		};
/* End PBXNativeTarget section */

/* Begin PBXProject section */
		D6531FDF28F48A66001D24A5 /* Project object */ = {
			isa = PBXProject;
			attributes = {
				BuildIndependentTargetsInParallel = 1;
				LastSwiftUpdateCheck = 1400;
				LastUpgradeCheck = 1400;
				TargetAttributes = {
					D6531FE628F48A66001D24A5 = {
						CreatedOnToolsVersion = 14.0.1;
					};
					D6531FFF28F48A68001D24A5 = {
						CreatedOnToolsVersion = 14.0.1;
						TestTargetID = D6531FE628F48A66001D24A5;
					};
					D653200928F48A68001D24A5 = {
						CreatedOnToolsVersion = 14.0.1;
						TestTargetID = D6531FE628F48A66001D24A5;
					};
				};
			};
			buildConfigurationList = D6531FE228F48A66001D24A5 /* Build configuration list for PBXProject "syrup" */;
			compatibilityVersion = "Xcode 14.0";
			developmentRegion = en;
			hasScannedForEncodings = 0;
			knownRegions = (
				en,
				Base,
			);
			mainGroup = D6531FDE28F48A66001D24A5;
			productRefGroup = D6531FE828F48A66001D24A5 /* Products */;
			projectDirPath = "";
			projectRoot = "";
			targets = (
				D6531FE628F48A66001D24A5 /* syrup */,
				D6531FFF28F48A68001D24A5 /* syrupTests */,
				D653200928F48A68001D24A5 /* syrupUITests */,
			);
		};
/* End PBXProject section */

/* Begin PBXResourcesBuildPhase section */
		D6531FE528F48A66001D24A5 /* Resources */ = {
			isa = PBXResourcesBuildPhase;
			buildActionMask = 2147483647;
			files = (
				D6531FFA28F48A68001D24A5 /* LaunchScreen.storyboard in Resources */,
				D6531FF728F48A68001D24A5 /* Assets.xcassets in Resources */,
				D69266A028FA27FB00191E0C /* mockupResponse.json in Resources */,
			);
			runOnlyForDeploymentPostprocessing = 0;
		};
		D6531FFE28F48A68001D24A5 /* Resources */ = {
			isa = PBXResourcesBuildPhase;
			buildActionMask = 2147483647;
			files = (
			);
			runOnlyForDeploymentPostprocessing = 0;
		};
		D653200828F48A68001D24A5 /* Resources */ = {
			isa = PBXResourcesBuildPhase;
			buildActionMask = 2147483647;
			files = (
			);
			runOnlyForDeploymentPostprocessing = 0;
		};
/* End PBXResourcesBuildPhase section */

/* Begin PBXSourcesBuildPhase section */
		D6531FE328F48A66001D24A5 /* Sources */ = {
			isa = PBXSourcesBuildPhase;
			buildActionMask = 2147483647;
			files = (
				D692669028F99E3E00191E0C /* CasksViewController.swift in Sources */,
				D69266A928FA3F2900191E0C /* comStack.swift in Sources */,
				D692668728F9858F00191E0C /* BasketsViewController.swift in Sources */,
				D69266A528FA346B00191E0C /* UIView.swift in Sources */,
				D69266B528FF38EA00191E0C /* comCollectionCell.swift in Sources */,
				D69266A328FA2A4F00191E0C /* APICall.swift in Sources */,
				D69266B728FF8F7400191E0C /* BasketViewModel.swift in Sources */,
				D69266A728FA390F00191E0C /* comHeader.swift in Sources */,
				D692669228F9A21900191E0C /* SyrupsViewController.swift in Sources */,
				D692669D28F9DC2B00191E0C /* TaskModel.swift in Sources */,
				D692668928F98CBD00191E0C /* ViewCoding.swift in Sources */,
				D69266B128FD8C5600191E0C /* mockupBaskets.swift in Sources */,
				D6531FEF28F48A66001D24A5 /* ManagerViewController.swift in Sources */,
				D6531FEB28F48A66001D24A5 /* AppDelegate.swift in Sources */,
				D692668E28F99C7400191E0C /* UIScrollView.swift in Sources */,
				D6531FED28F48A66001D24A5 /* SceneDelegate.swift in Sources */,
			);
			runOnlyForDeploymentPostprocessing = 0;
		};
		D6531FFC28F48A68001D24A5 /* Sources */ = {
			isa = PBXSourcesBuildPhase;
			buildActionMask = 2147483647;
			files = (
				D653200528F48A68001D24A5 /* syrupTests.swift in Sources */,
			);
			runOnlyForDeploymentPostprocessing = 0;
		};
		D653200628F48A68001D24A5 /* Sources */ = {
			isa = PBXSourcesBuildPhase;
			buildActionMask = 2147483647;
			files = (
				D653201128F48A68001D24A5 /* syrupUITestsLaunchTests.swift in Sources */,
				D653200F28F48A68001D24A5 /* syrupUITests.swift in Sources */,
			);
			runOnlyForDeploymentPostprocessing = 0;
		};
/* End PBXSourcesBuildPhase section */

/* Begin PBXTargetDependency section */
		D653200228F48A68001D24A5 /* PBXTargetDependency */ = {
			isa = PBXTargetDependency;
			target = D6531FE628F48A66001D24A5 /* syrup */;
			targetProxy = D653200128F48A68001D24A5 /* PBXContainerItemProxy */;
		};
		D653200C28F48A68001D24A5 /* PBXTargetDependency */ = {
			isa = PBXTargetDependency;
			target = D6531FE628F48A66001D24A5 /* syrup */;
			targetProxy = D653200B28F48A68001D24A5 /* PBXContainerItemProxy */;
		};
/* End PBXTargetDependency section */

/* Begin PBXVariantGroup section */
		D6531FF828F48A68001D24A5 /* LaunchScreen.storyboard */ = {
			isa = PBXVariantGroup;
			children = (
				D6531FF928F48A68001D24A5 /* Base */,
			);
			name = LaunchScreen.storyboard;
			sourceTree = "<group>";
		};
/* End PBXVariantGroup section */

/* Begin XCBuildConfiguration section */
		D653201228F48A68001D24A5 /* Debug */ = {
			isa = XCBuildConfiguration;
			buildSettings = {
				ALWAYS_SEARCH_USER_PATHS = NO;
				CLANG_ANALYZER_NONNULL = YES;
				CLANG_ANALYZER_NUMBER_OBJECT_CONVERSION = YES_AGGRESSIVE;
				CLANG_CXX_LANGUAGE_STANDARD = "gnu++20";
				CLANG_ENABLE_MODULES = YES;
				CLANG_ENABLE_OBJC_ARC = YES;
				CLANG_ENABLE_OBJC_WEAK = YES;
				CLANG_WARN_BLOCK_CAPTURE_AUTORELEASING = YES;
				CLANG_WARN_BOOL_CONVERSION = YES;
				CLANG_WARN_COMMA = YES;
				CLANG_WARN_CONSTANT_CONVERSION = YES;
				CLANG_WARN_DEPRECATED_OBJC_IMPLEMENTATIONS = YES;
				CLANG_WARN_DIRECT_OBJC_ISA_USAGE = YES_ERROR;
				CLANG_WARN_DOCUMENTATION_COMMENTS = YES;
				CLANG_WARN_EMPTY_BODY = YES;
				CLANG_WARN_ENUM_CONVERSION = YES;
				CLANG_WARN_INFINITE_RECURSION = YES;
				CLANG_WARN_INT_CONVERSION = YES;
				CLANG_WARN_NON_LITERAL_NULL_CONVERSION = YES;
				CLANG_WARN_OBJC_IMPLICIT_RETAIN_SELF = YES;
				CLANG_WARN_OBJC_LITERAL_CONVERSION = YES;
				CLANG_WARN_OBJC_ROOT_CLASS = YES_ERROR;
				CLANG_WARN_QUOTED_INCLUDE_IN_FRAMEWORK_HEADER = YES;
				CLANG_WARN_RANGE_LOOP_ANALYSIS = YES;
				CLANG_WARN_STRICT_PROTOTYPES = YES;
				CLANG_WARN_SUSPICIOUS_MOVE = YES;
				CLANG_WARN_UNGUARDED_AVAILABILITY = YES_AGGRESSIVE;
				CLANG_WARN_UNREACHABLE_CODE = YES;
				CLANG_WARN__DUPLICATE_METHOD_MATCH = YES;
				COPY_PHASE_STRIP = NO;
				DEBUG_INFORMATION_FORMAT = dwarf;
				ENABLE_STRICT_OBJC_MSGSEND = YES;
				ENABLE_TESTABILITY = YES;
				GCC_C_LANGUAGE_STANDARD = gnu11;
				GCC_DYNAMIC_NO_PIC = NO;
				GCC_NO_COMMON_BLOCKS = YES;
				GCC_OPTIMIZATION_LEVEL = 0;
				GCC_PREPROCESSOR_DEFINITIONS = (
					"DEBUG=1",
					"$(inherited)",
				);
				GCC_WARN_64_TO_32_BIT_CONVERSION = YES;
				GCC_WARN_ABOUT_RETURN_TYPE = YES_ERROR;
				GCC_WARN_UNDECLARED_SELECTOR = YES;
				GCC_WARN_UNINITIALIZED_AUTOS = YES_AGGRESSIVE;
				GCC_WARN_UNUSED_FUNCTION = YES;
				GCC_WARN_UNUSED_VARIABLE = YES;
				IPHONEOS_DEPLOYMENT_TARGET = 16.0;
				MTL_ENABLE_DEBUG_INFO = INCLUDE_SOURCE;
				MTL_FAST_MATH = YES;
				ONLY_ACTIVE_ARCH = YES;
				SDKROOT = iphoneos;
				SWIFT_ACTIVE_COMPILATION_CONDITIONS = DEBUG;
				SWIFT_OPTIMIZATION_LEVEL = "-Onone";
			};
			name = Debug;
		};
		D653201328F48A68001D24A5 /* Release */ = {
			isa = XCBuildConfiguration;
			buildSettings = {
				ALWAYS_SEARCH_USER_PATHS = NO;
				CLANG_ANALYZER_NONNULL = YES;
				CLANG_ANALYZER_NUMBER_OBJECT_CONVERSION = YES_AGGRESSIVE;
				CLANG_CXX_LANGUAGE_STANDARD = "gnu++20";
				CLANG_ENABLE_MODULES = YES;
				CLANG_ENABLE_OBJC_ARC = YES;
				CLANG_ENABLE_OBJC_WEAK = YES;
				CLANG_WARN_BLOCK_CAPTURE_AUTORELEASING = YES;
				CLANG_WARN_BOOL_CONVERSION = YES;
				CLANG_WARN_COMMA = YES;
				CLANG_WARN_CONSTANT_CONVERSION = YES;
				CLANG_WARN_DEPRECATED_OBJC_IMPLEMENTATIONS = YES;
				CLANG_WARN_DIRECT_OBJC_ISA_USAGE = YES_ERROR;
				CLANG_WARN_DOCUMENTATION_COMMENTS = YES;
				CLANG_WARN_EMPTY_BODY = YES;
				CLANG_WARN_ENUM_CONVERSION = YES;
				CLANG_WARN_INFINITE_RECURSION = YES;
				CLANG_WARN_INT_CONVERSION = YES;
				CLANG_WARN_NON_LITERAL_NULL_CONVERSION = YES;
				CLANG_WARN_OBJC_IMPLICIT_RETAIN_SELF = YES;
				CLANG_WARN_OBJC_LITERAL_CONVERSION = YES;
				CLANG_WARN_OBJC_ROOT_CLASS = YES_ERROR;
				CLANG_WARN_QUOTED_INCLUDE_IN_FRAMEWORK_HEADER = YES;
				CLANG_WARN_RANGE_LOOP_ANALYSIS = YES;
				CLANG_WARN_STRICT_PROTOTYPES = YES;
				CLANG_WARN_SUSPICIOUS_MOVE = YES;
				CLANG_WARN_UNGUARDED_AVAILABILITY = YES_AGGRESSIVE;
				CLANG_WARN_UNREACHABLE_CODE = YES;
				CLANG_WARN__DUPLICATE_METHOD_MATCH = YES;
				COPY_PHASE_STRIP = NO;
				DEBUG_INFORMATION_FORMAT = "dwarf-with-dsym";
				ENABLE_NS_ASSERTIONS = NO;
				ENABLE_STRICT_OBJC_MSGSEND = YES;
				GCC_C_LANGUAGE_STANDARD = gnu11;
				GCC_NO_COMMON_BLOCKS = YES;
				GCC_WARN_64_TO_32_BIT_CONVERSION = YES;
				GCC_WARN_ABOUT_RETURN_TYPE = YES_ERROR;
				GCC_WARN_UNDECLARED_SELECTOR = YES;
				GCC_WARN_UNINITIALIZED_AUTOS = YES_AGGRESSIVE;
				GCC_WARN_UNUSED_FUNCTION = YES;
				GCC_WARN_UNUSED_VARIABLE = YES;
				IPHONEOS_DEPLOYMENT_TARGET = 16.0;
				MTL_ENABLE_DEBUG_INFO = NO;
				MTL_FAST_MATH = YES;
				SDKROOT = iphoneos;
				SWIFT_COMPILATION_MODE = wholemodule;
				SWIFT_OPTIMIZATION_LEVEL = "-O";
				VALIDATE_PRODUCT = YES;
			};
			name = Release;
		};
		D653201528F48A68001D24A5 /* Debug */ = {
			isa = XCBuildConfiguration;
			buildSettings = {
				ASSETCATALOG_COMPILER_APPICON_NAME = AppIcon;
				ASSETCATALOG_COMPILER_GLOBAL_ACCENT_COLOR_NAME = AccentColor;
				CODE_SIGN_STYLE = Automatic;
				CURRENT_PROJECT_VERSION = 1;
				DEVELOPMENT_TEAM = MCC2B4P5MZ;
				GENERATE_INFOPLIST_FILE = YES;
				INFOPLIST_FILE = syrup/Info.plist;
				INFOPLIST_KEY_UIApplicationSupportsIndirectInputEvents = YES;
				INFOPLIST_KEY_UILaunchStoryboardName = LaunchScreen;
				INFOPLIST_KEY_UISupportedInterfaceOrientations_iPad = "UIInterfaceOrientationPortrait UIInterfaceOrientationPortraitUpsideDown UIInterfaceOrientationLandscapeLeft UIInterfaceOrientationLandscapeRight";
				INFOPLIST_KEY_UISupportedInterfaceOrientations_iPhone = "UIInterfaceOrientationPortrait UIInterfaceOrientationLandscapeLeft UIInterfaceOrientationLandscapeRight";
				LD_RUNPATH_SEARCH_PATHS = (
					"$(inherited)",
					"@executable_path/Frameworks",
				);
				MARKETING_VERSION = 1.0;
				PRODUCT_BUNDLE_IDENTIFIER = Copland.syrup;
				PRODUCT_NAME = "$(TARGET_NAME)";
				SWIFT_EMIT_LOC_STRINGS = YES;
				SWIFT_VERSION = 5.0;
				TARGETED_DEVICE_FAMILY = "1,2";
			};
			name = Debug;
		};
		D653201628F48A68001D24A5 /* Release */ = {
			isa = XCBuildConfiguration;
			buildSettings = {
				ASSETCATALOG_COMPILER_APPICON_NAME = AppIcon;
				ASSETCATALOG_COMPILER_GLOBAL_ACCENT_COLOR_NAME = AccentColor;
				CODE_SIGN_STYLE = Automatic;
				CURRENT_PROJECT_VERSION = 1;
				DEVELOPMENT_TEAM = MCC2B4P5MZ;
				GENERATE_INFOPLIST_FILE = YES;
				INFOPLIST_FILE = syrup/Info.plist;
				INFOPLIST_KEY_UIApplicationSupportsIndirectInputEvents = YES;
				INFOPLIST_KEY_UILaunchStoryboardName = LaunchScreen;
				INFOPLIST_KEY_UISupportedInterfaceOrientations_iPad = "UIInterfaceOrientationPortrait UIInterfaceOrientationPortraitUpsideDown UIInterfaceOrientationLandscapeLeft UIInterfaceOrientationLandscapeRight";
				INFOPLIST_KEY_UISupportedInterfaceOrientations_iPhone = "UIInterfaceOrientationPortrait UIInterfaceOrientationLandscapeLeft UIInterfaceOrientationLandscapeRight";
				LD_RUNPATH_SEARCH_PATHS = (
					"$(inherited)",
					"@executable_path/Frameworks",
				);
				MARKETING_VERSION = 1.0;
				PRODUCT_BUNDLE_IDENTIFIER = Copland.syrup;
				PRODUCT_NAME = "$(TARGET_NAME)";
				SWIFT_EMIT_LOC_STRINGS = YES;
				SWIFT_VERSION = 5.0;
				TARGETED_DEVICE_FAMILY = "1,2";
			};
			name = Release;
		};
		D653201828F48A68001D24A5 /* Debug */ = {
			isa = XCBuildConfiguration;
			buildSettings = {
				ALWAYS_EMBED_SWIFT_STANDARD_LIBRARIES = YES;
				BUNDLE_LOADER = "$(TEST_HOST)";
				CODE_SIGN_STYLE = Automatic;
				CURRENT_PROJECT_VERSION = 1;
				DEVELOPMENT_TEAM = MCC2B4P5MZ;
				GENERATE_INFOPLIST_FILE = YES;
				IPHONEOS_DEPLOYMENT_TARGET = 16.0;
				MARKETING_VERSION = 1.0;
				PRODUCT_BUNDLE_IDENTIFIER = Copland.syrupTests;
				PRODUCT_NAME = "$(TARGET_NAME)";
				SWIFT_EMIT_LOC_STRINGS = NO;
				SWIFT_VERSION = 5.0;
				TARGETED_DEVICE_FAMILY = "1,2";
				TEST_HOST = "$(BUILT_PRODUCTS_DIR)/syrup.app/$(BUNDLE_EXECUTABLE_FOLDER_PATH)/syrup";
			};
			name = Debug;
		};
		D653201928F48A68001D24A5 /* Release */ = {
			isa = XCBuildConfiguration;
			buildSettings = {
				ALWAYS_EMBED_SWIFT_STANDARD_LIBRARIES = YES;
				BUNDLE_LOADER = "$(TEST_HOST)";
				CODE_SIGN_STYLE = Automatic;
				CURRENT_PROJECT_VERSION = 1;
				DEVELOPMENT_TEAM = MCC2B4P5MZ;
				GENERATE_INFOPLIST_FILE = YES;
				IPHONEOS_DEPLOYMENT_TARGET = 16.0;
				MARKETING_VERSION = 1.0;
				PRODUCT_BUNDLE_IDENTIFIER = Copland.syrupTests;
				PRODUCT_NAME = "$(TARGET_NAME)";
				SWIFT_EMIT_LOC_STRINGS = NO;
				SWIFT_VERSION = 5.0;
				TARGETED_DEVICE_FAMILY = "1,2";
				TEST_HOST = "$(BUILT_PRODUCTS_DIR)/syrup.app/$(BUNDLE_EXECUTABLE_FOLDER_PATH)/syrup";
			};
			name = Release;
		};
		D653201B28F48A68001D24A5 /* Debug */ = {
			isa = XCBuildConfiguration;
			buildSettings = {
				ALWAYS_EMBED_SWIFT_STANDARD_LIBRARIES = YES;
				CODE_SIGN_STYLE = Automatic;
				CURRENT_PROJECT_VERSION = 1;
				DEVELOPMENT_TEAM = MCC2B4P5MZ;
				GENERATE_INFOPLIST_FILE = YES;
				MARKETING_VERSION = 1.0;
				PRODUCT_BUNDLE_IDENTIFIER = Copland.syrupUITests;
				PRODUCT_NAME = "$(TARGET_NAME)";
				SWIFT_EMIT_LOC_STRINGS = NO;
				SWIFT_VERSION = 5.0;
				TARGETED_DEVICE_FAMILY = "1,2";
				TEST_TARGET_NAME = syrup;
			};
			name = Debug;
		};
		D653201C28F48A68001D24A5 /* Release */ = {
			isa = XCBuildConfiguration;
			buildSettings = {
				ALWAYS_EMBED_SWIFT_STANDARD_LIBRARIES = YES;
				CODE_SIGN_STYLE = Automatic;
				CURRENT_PROJECT_VERSION = 1;
				DEVELOPMENT_TEAM = MCC2B4P5MZ;
				GENERATE_INFOPLIST_FILE = YES;
				MARKETING_VERSION = 1.0;
				PRODUCT_BUNDLE_IDENTIFIER = Copland.syrupUITests;
				PRODUCT_NAME = "$(TARGET_NAME)";
				SWIFT_EMIT_LOC_STRINGS = NO;
				SWIFT_VERSION = 5.0;
				TARGETED_DEVICE_FAMILY = "1,2";
				TEST_TARGET_NAME = syrup;
			};
			name = Release;
		};
/* End XCBuildConfiguration section */

/* Begin XCConfigurationList section */
		D6531FE228F48A66001D24A5 /* Build configuration list for PBXProject "syrup" */ = {
			isa = XCConfigurationList;
			buildConfigurations = (
				D653201228F48A68001D24A5 /* Debug */,
				D653201328F48A68001D24A5 /* Release */,
			);
			defaultConfigurationIsVisible = 0;
			defaultConfigurationName = Release;
		};
		D653201428F48A68001D24A5 /* Build configuration list for PBXNativeTarget "syrup" */ = {
			isa = XCConfigurationList;
			buildConfigurations = (
				D653201528F48A68001D24A5 /* Debug */,
				D653201628F48A68001D24A5 /* Release */,
			);
			defaultConfigurationIsVisible = 0;
			defaultConfigurationName = Release;
		};
		D653201728F48A68001D24A5 /* Build configuration list for PBXNativeTarget "syrupTests" */ = {
			isa = XCConfigurationList;
			buildConfigurations = (
				D653201828F48A68001D24A5 /* Debug */,
				D653201928F48A68001D24A5 /* Release */,
			);
			defaultConfigurationIsVisible = 0;
			defaultConfigurationName = Release;
		};
		D653201A28F48A68001D24A5 /* Build configuration list for PBXNativeTarget "syrupUITests" */ = {
			isa = XCConfigurationList;
			buildConfigurations = (
				D653201B28F48A68001D24A5 /* Debug */,
				D653201C28F48A68001D24A5 /* Release */,
			);
			defaultConfigurationIsVisible = 0;
			defaultConfigurationName = Release;
		};
/* End XCConfigurationList section */
	};
	rootObject = D6531FDF28F48A66001D24A5 /* Project object */;
}
